// !$*UTF8*$!
{
	archiveVersion = 1;
	classes = {
	};
	objectVersion = 50;
	objects = {

/* Begin PBXBuildFile section */
		BF486F4420C7C098002EAD15 /* coin.mp3 in Resources */ = {isa = PBXBuildFile; fileRef = BF486F3D20C7C098002EAD15 /* coin.mp3 */; };
		BF486F4520C7C098002EAD15 /* bullet_1.wav in Resources */ = {isa = PBXBuildFile; fileRef = BF486F3E20C7C098002EAD15 /* bullet_1.wav */; };
		BF486F4620C7C098002EAD15 /* hit.wav in Resources */ = {isa = PBXBuildFile; fileRef = BF486F3F20C7C098002EAD15 /* hit.wav */; };
		BF486F4720C7C098002EAD15 /* click.mp3 in Resources */ = {isa = PBXBuildFile; fileRef = BF486F4020C7C098002EAD15 /* click.mp3 */; };
		BF486F4820C7C098002EAD15 /* bomb.wav in Resources */ = {isa = PBXBuildFile; fileRef = BF486F4120C7C098002EAD15 /* bomb.wav */; };
		BF486F4920C7C098002EAD15 /* bullet_3.mp3 in Resources */ = {isa = PBXBuildFile; fileRef = BF486F4220C7C098002EAD15 /* bullet_3.mp3 */; };
		BF486F4A20C7C098002EAD15 /* bullet_2.WAV in Resources */ = {isa = PBXBuildFile; fileRef = BF486F4320C7C098002EAD15 /* bullet_2.WAV */; };
		BF486F4C20C7CF84002EAD15 /* release.mp3 in Resources */ = {isa = PBXBuildFile; fileRef = BF486F4B20C7CF84002EAD15 /* release.mp3 */; };
		BF486F4E20C80BB0002EAD15 /* bgm.wav in Resources */ = {isa = PBXBuildFile; fileRef = BF486F4D20C80BB0002EAD15 /* bgm.wav */; };
		BF486F5020C81754002EAD15 /* monster.mp3 in Resources */ = {isa = PBXBuildFile; fileRef = BF486F4F20C81754002EAD15 /* monster.mp3 */; };
		BF604E7320C6905600AC4235 /* AppDelegate.swift in Sources */ = {isa = PBXBuildFile; fileRef = BF604E7220C6905600AC4235 /* AppDelegate.swift */; };
		BF604E7B20C6905600AC4235 /* GameViewController.swift in Sources */ = {isa = PBXBuildFile; fileRef = BF604E7A20C6905600AC4235 /* GameViewController.swift */; };
		BF604E7E20C6905600AC4235 /* Main.storyboard in Resources */ = {isa = PBXBuildFile; fileRef = BF604E7C20C6905600AC4235 /* Main.storyboard */; };
		BF604E8020C6905700AC4235 /* Assets.xcassets in Resources */ = {isa = PBXBuildFile; fileRef = BF604E7F20C6905700AC4235 /* Assets.xcassets */; };
		BF604E8320C6905700AC4235 /* LaunchScreen.storyboard in Resources */ = {isa = PBXBuildFile; fileRef = BF604E8120C6905700AC4235 /* LaunchScreen.storyboard */; };
		BF604E9020C6922800AC4235 /* GameScene_Menu.swift in Sources */ = {isa = PBXBuildFile; fileRef = BF604E8F20C6922800AC4235 /* GameScene_Menu.swift */; };
		BF604E9220C693C700AC4235 /* RussoOne-Regular.ttf in Resources */ = {isa = PBXBuildFile; fileRef = BF604E9120C693C700AC4235 /* RussoOne-Regular.ttf */; };
		BF604E9420C6960F00AC4235 /* GameScene_Select.swift in Sources */ = {isa = PBXBuildFile; fileRef = BF604E9320C6960F00AC4235 /* GameScene_Select.swift */; };
		BF604E9620C6A1BE00AC4235 /* GameScene_Field.swift in Sources */ = {isa = PBXBuildFile; fileRef = BF604E9520C6A1BE00AC4235 /* GameScene_Field.swift */; };
		BF7597D220C6E764006DC933 /* GameScene_Over.swift in Sources */ = {isa = PBXBuildFile; fileRef = BF7597D120C6E764006DC933 /* GameScene_Over.swift */; };
/* End PBXBuildFile section */

/* Begin PBXFileReference section */
		BF486F3D20C7C098002EAD15 /* coin.mp3 */ = {isa = PBXFileReference; lastKnownFileType = audio.mp3; path = coin.mp3; sourceTree = "<group>"; };
		BF486F3E20C7C098002EAD15 /* bullet_1.wav */ = {isa = PBXFileReference; lastKnownFileType = audio.wav; path = bullet_1.wav; sourceTree = "<group>"; };
		BF486F3F20C7C098002EAD15 /* hit.wav */ = {isa = PBXFileReference; lastKnownFileType = audio.wav; path = hit.wav; sourceTree = "<group>"; };
		BF486F4020C7C098002EAD15 /* click.mp3 */ = {isa = PBXFileReference; lastKnownFileType = audio.mp3; path = click.mp3; sourceTree = "<group>"; };
		BF486F4120C7C098002EAD15 /* bomb.wav */ = {isa = PBXFileReference; lastKnownFileType = audio.wav; path = bomb.wav; sourceTree = "<group>"; };
		BF486F4220C7C098002EAD15 /* bullet_3.mp3 */ = {isa = PBXFileReference; lastKnownFileType = audio.mp3; path = bullet_3.mp3; sourceTree = "<group>"; };
		BF486F4320C7C098002EAD15 /* bullet_2.WAV */ = {isa = PBXFileReference; lastKnownFileType = audio.wav; path = bullet_2.WAV; sourceTree = "<group>"; };
		BF486F4B20C7CF84002EAD15 /* release.mp3 */ = {isa = PBXFileReference; lastKnownFileType = audio.mp3; path = release.mp3; sourceTree = "<group>"; };
		BF486F4D20C80BB0002EAD15 /* bgm.wav */ = {isa = PBXFileReference; lastKnownFileType = audio.wav; path = bgm.wav; sourceTree = "<group>"; };
		BF486F4F20C81754002EAD15 /* monster.mp3 */ = {isa = PBXFileReference; lastKnownFileType = audio.mp3; path = monster.mp3; sourceTree = "<group>"; };
		BF604E6F20C6905600AC4235 /* DeepestSea.app */ = {isa = PBXFileReference; explicitFileType = wrapper.application; includeInIndex = 0; path = DeepestSea.app; sourceTree = BUILT_PRODUCTS_DIR; };
		BF604E7220C6905600AC4235 /* AppDelegate.swift */ = {isa = PBXFileReference; lastKnownFileType = sourcecode.swift; path = AppDelegate.swift; sourceTree = "<group>"; };
		BF604E7A20C6905600AC4235 /* GameViewController.swift */ = {isa = PBXFileReference; lastKnownFileType = sourcecode.swift; path = GameViewController.swift; sourceTree = "<group>"; };
		BF604E7D20C6905600AC4235 /* Base */ = {isa = PBXFileReference; lastKnownFileType = file.storyboard; name = Base; path = Base.lproj/Main.storyboard; sourceTree = "<group>"; };
		BF604E7F20C6905700AC4235 /* Assets.xcassets */ = {isa = PBXFileReference; lastKnownFileType = folder.assetcatalog; path = Assets.xcassets; sourceTree = "<group>"; };
		BF604E8220C6905700AC4235 /* Base */ = {isa = PBXFileReference; lastKnownFileType = file.storyboard; name = Base; path = Base.lproj/LaunchScreen.storyboard; sourceTree = "<group>"; };
		BF604E8420C6905700AC4235 /* Info.plist */ = {isa = PBXFileReference; lastKnownFileType = text.plist.xml; path = Info.plist; sourceTree = "<group>"; };
		BF604E8F20C6922800AC4235 /* GameScene_Menu.swift */ = {isa = PBXFileReference; lastKnownFileType = sourcecode.swift; path = GameScene_Menu.swift; sourceTree = "<group>"; };
		BF604E9120C693C700AC4235 /* RussoOne-Regular.ttf */ = {isa = PBXFileReference; lastKnownFileType = file; path = "RussoOne-Regular.ttf"; sourceTree = "<group>"; };
		BF604E9320C6960F00AC4235 /* GameScene_Select.swift */ = {isa = PBXFileReference; lastKnownFileType = sourcecode.swift; path = GameScene_Select.swift; sourceTree = "<group>"; };
		BF604E9520C6A1BE00AC4235 /* GameScene_Field.swift */ = {isa = PBXFileReference; lastKnownFileType = sourcecode.swift; path = GameScene_Field.swift; sourceTree = "<group>"; };
		BF7597D120C6E764006DC933 /* GameScene_Over.swift */ = {isa = PBXFileReference; lastKnownFileType = sourcecode.swift; path = GameScene_Over.swift; sourceTree = "<group>"; };
/* End PBXFileReference section */

/* Begin PBXFrameworksBuildPhase section */
		BF604E6C20C6905600AC4235 /* Frameworks */ = {
			isa = PBXFrameworksBuildPhase;
			buildActionMask = 2147483647;
			files = (
			);
			runOnlyForDeploymentPostprocessing = 0;
		};
/* End PBXFrameworksBuildPhase section */

/* Begin PBXGroup section */
		BF604E6620C6905600AC4235 = {
			isa = PBXGroup;
			children = (
				BF604E8C20C6912C00AC4235 /* Sound */,
				BF604E8B20C6912600AC4235 /* Font */,
				BF604E8A20C6911B00AC4235 /* GameScene */,
				BF604E7120C6905600AC4235 /* DeepestSea */,
				BF604E7020C6905600AC4235 /* Products */,
			);
			sourceTree = "<group>";
		};
		BF604E7020C6905600AC4235 /* Products */ = {
			isa = PBXGroup;
			children = (
				BF604E6F20C6905600AC4235 /* DeepestSea.app */,
			);
			name = Products;
			sourceTree = "<group>";
		};
		BF604E7120C6905600AC4235 /* DeepestSea */ = {
			isa = PBXGroup;
			children = (
				BF604E7220C6905600AC4235 /* AppDelegate.swift */,
				BF604E7A20C6905600AC4235 /* GameViewController.swift */,
				BF604E7C20C6905600AC4235 /* Main.storyboard */,
				BF604E7F20C6905700AC4235 /* Assets.xcassets */,
				BF604E8120C6905700AC4235 /* LaunchScreen.storyboard */,
				BF604E8420C6905700AC4235 /* Info.plist */,
			);
			path = DeepestSea;
			sourceTree = "<group>";
		};
		BF604E8A20C6911B00AC4235 /* GameScene */ = {
			isa = PBXGroup;
			children = (
				BF604E8F20C6922800AC4235 /* GameScene_Menu.swift */,
				BF604E9320C6960F00AC4235 /* GameScene_Select.swift */,
				BF604E9520C6A1BE00AC4235 /* GameScene_Field.swift */,
				BF7597D120C6E764006DC933 /* GameScene_Over.swift */,
			);
			path = GameScene;
			sourceTree = "<group>";
		};
		BF604E8B20C6912600AC4235 /* Font */ = {
			isa = PBXGroup;
			children = (
				BF604E9120C693C700AC4235 /* RussoOne-Regular.ttf */,
			);
			path = Font;
			sourceTree = "<group>";
		};
		BF604E8C20C6912C00AC4235 /* Sound */ = {
			isa = PBXGroup;
			children = (
				BF486F4120C7C098002EAD15 /* bomb.wav */,
				BF486F4F20C81754002EAD15 /* monster.mp3 */,
				BF486F3E20C7C098002EAD15 /* bullet_1.wav */,
				BF486F4D20C80BB0002EAD15 /* bgm.wav */,
				BF486F4320C7C098002EAD15 /* bullet_2.WAV */,
				BF486F4B20C7CF84002EAD15 /* release.mp3 */,
				BF486F4220C7C098002EAD15 /* bullet_3.mp3 */,
				BF486F4020C7C098002EAD15 /* click.mp3 */,
				BF486F3D20C7C098002EAD15 /* coin.mp3 */,
				BF486F3F20C7C098002EAD15 /* hit.wav */,
			);
			path = Sound;
			sourceTree = "<group>";
		};
/* End PBXGroup section */

/* Begin PBXNativeTarget section */
		BF604E6E20C6905600AC4235 /* DeepestSea */ = {
			isa = PBXNativeTarget;
			buildConfigurationList = BF604E8720C6905700AC4235 /* Build configuration list for PBXNativeTarget "DeepestSea" */;
			buildPhases = (
				BF604E6B20C6905600AC4235 /* Sources */,
				BF604E6C20C6905600AC4235 /* Frameworks */,
				BF604E6D20C6905600AC4235 /* Resources */,
			);
			buildRules = (
			);
			dependencies = (
			);
			name = DeepestSea;
			productName = DeepestSea;
			productReference = BF604E6F20C6905600AC4235 /* DeepestSea.app */;
			productType = "com.apple.product-type.application";
		};
/* End PBXNativeTarget section */

/* Begin PBXProject section */
		BF604E6720C6905600AC4235 /* Project object */ = {
			isa = PBXProject;
			attributes = {
				LastSwiftUpdateCheck = 0940;
				LastUpgradeCheck = 0940;
				ORGANIZATIONNAME = Jianhang;
				TargetAttributes = {
					BF604E6E20C6905600AC4235 = {
						CreatedOnToolsVersion = 9.4;
					};
				};
			};
			buildConfigurationList = BF604E6A20C6905600AC4235 /* Build configuration list for PBXProject "DeepestSea" */;
			compatibilityVersion = "Xcode 9.3";
			developmentRegion = en;
			hasScannedForEncodings = 0;
			knownRegions = (
				en,
				Base,
			);
			mainGroup = BF604E6620C6905600AC4235;
			productRefGroup = BF604E7020C6905600AC4235 /* Products */;
			projectDirPath = "";
			projectRoot = "";
			targets = (
				BF604E6E20C6905600AC4235 /* DeepestSea */,
			);
		};
/* End PBXProject section */

/* Begin PBXResourcesBuildPhase section */
		BF604E6D20C6905600AC4235 /* Resources */ = {
			isa = PBXResourcesBuildPhase;
			buildActionMask = 2147483647;
			files = (
				BF604E7E20C6905600AC4235 /* Main.storyboard in Resources */,
				BF486F5020C81754002EAD15 /* monster.mp3 in Resources */,
				BF486F4420C7C098002EAD15 /* coin.mp3 in Resources */,
				BF604E9220C693C700AC4235 /* RussoOne-Regular.ttf in Resources */,
				BF604E8020C6905700AC4235 /* Assets.xcassets in Resources */,
				BF486F4A20C7C098002EAD15 /* bullet_2.WAV in Resources */,
				BF486F4520C7C098002EAD15 /* bullet_1.wav in Resources */,
				BF486F4720C7C098002EAD15 /* click.mp3 in Resources */,
				BF486F4920C7C098002EAD15 /* bullet_3.mp3 in Resources */,
				BF486F4820C7C098002EAD15 /* bomb.wav in Resources */,
				BF486F4620C7C098002EAD15 /* hit.wav in Resources */,
				BF486F4C20C7CF84002EAD15 /* release.mp3 in Resources */,
				BF486F4E20C80BB0002EAD15 /* bgm.wav in Resources */,
				BF604E8320C6905700AC4235 /* LaunchScreen.storyboard in Resources */,
			);
			runOnlyForDeploymentPostprocessing = 0;
		};
/* End PBXResourcesBuildPhase section */

/* Begin PBXSourcesBuildPhase section */
		BF604E6B20C6905600AC4235 /* Sources */ = {
			isa = PBXSourcesBuildPhase;
			buildActionMask = 2147483647;
			files = (
				BF604E9620C6A1BE00AC4235 /* GameScene_Field.swift in Sources */,
				BF604E9420C6960F00AC4235 /* GameScene_Select.swift in Sources */,
				BF7597D220C6E764006DC933 /* GameScene_Over.swift in Sources */,
				BF604E9020C6922800AC4235 /* GameScene_Menu.swift in Sources */,
				BF604E7B20C6905600AC4235 /* GameViewController.swift in Sources */,
				BF604E7320C6905600AC4235 /* AppDelegate.swift in Sources */,
			);
			runOnlyForDeploymentPostprocessing = 0;
		};
/* End PBXSourcesBuildPhase section */

/* Begin PBXVariantGroup section */
		BF604E7C20C6905600AC4235 /* Main.storyboard */ = {
			isa = PBXVariantGroup;
			children = (
				BF604E7D20C6905600AC4235 /* Base */,
			);
			name = Main.storyboard;
			sourceTree = "<group>";
		};
		BF604E8120C6905700AC4235 /* LaunchScreen.storyboard */ = {
			isa = PBXVariantGroup;
			children = (
				BF604E8220C6905700AC4235 /* Base */,
			);
			name = LaunchScreen.storyboard;
			sourceTree = "<group>";
		};
/* End PBXVariantGroup section */

/* Begin XCBuildConfiguration section */
		BF604E8520C6905700AC4235 /* Debug */ = {
			isa = XCBuildConfiguration;
			buildSettings = {
				ALWAYS_SEARCH_USER_PATHS = NO;
				CLANG_ANALYZER_NONNULL = YES;
				CLANG_ANALYZER_NUMBER_OBJECT_CONVERSION = YES_AGGRESSIVE;
				CLANG_CXX_LANGUAGE_STANDARD = "gnu++14";
				CLANG_CXX_LIBRARY = "libc++";
				CLANG_ENABLE_MODULES = YES;
				CLANG_ENABLE_OBJC_ARC = YES;
				CLANG_ENABLE_OBJC_WEAK = YES;
				CLANG_WARN_BLOCK_CAPTURE_AUTORELEASING = YES;
				CLANG_WARN_BOOL_CONVERSION = YES;
				CLANG_WARN_COMMA = YES;
				CLANG_WARN_CONSTANT_CONVERSION = YES;
				CLANG_WARN_DEPRECATED_OBJC_IMPLEMENTATIONS = YES;
				CLANG_WARN_DIRECT_OBJC_ISA_USAGE = YES_ERROR;
				CLANG_WARN_DOCUMENTATION_COMMENTS = YES;
				CLANG_WARN_EMPTY_BODY = YES;
				CLANG_WARN_ENUM_CONVERSION = YES;
				CLANG_WARN_INFINITE_RECURSION = YES;
				CLANG_WARN_INT_CONVERSION = YES;
				CLANG_WARN_NON_LITERAL_NULL_CONVERSION = YES;
				CLANG_WARN_OBJC_IMPLICIT_RETAIN_SELF = YES;
				CLANG_WARN_OBJC_LITERAL_CONVERSION = YES;
				CLANG_WARN_OBJC_ROOT_CLASS = YES_ERROR;
				CLANG_WARN_RANGE_LOOP_ANALYSIS = YES;
				CLANG_WARN_STRICT_PROTOTYPES = YES;
				CLANG_WARN_SUSPICIOUS_MOVE = YES;
				CLANG_WARN_UNGUARDED_AVAILABILITY = YES_AGGRESSIVE;
				CLANG_WARN_UNREACHABLE_CODE = YES;
				CLANG_WARN__DUPLICATE_METHOD_MATCH = YES;
				CODE_SIGN_IDENTITY = "iPhone Developer";
				COPY_PHASE_STRIP = NO;
				DEBUG_INFORMATION_FORMAT = dwarf;
				ENABLE_STRICT_OBJC_MSGSEND = YES;
				ENABLE_TESTABILITY = YES;
				GCC_C_LANGUAGE_STANDARD = gnu11;
				GCC_DYNAMIC_NO_PIC = NO;
				GCC_NO_COMMON_BLOCKS = YES;
				GCC_OPTIMIZATION_LEVEL = 0;
				GCC_PREPROCESSOR_DEFINITIONS = (
					"DEBUG=1",
					"$(inherited)",
				);
				GCC_WARN_64_TO_32_BIT_CONVERSION = YES;
				GCC_WARN_ABOUT_RETURN_TYPE = YES_ERROR;
				GCC_WARN_UNDECLARED_SELECTOR = YES;
				GCC_WARN_UNINITIALIZED_AUTOS = YES_AGGRESSIVE;
				GCC_WARN_UNUSED_FUNCTION = YES;
				GCC_WARN_UNUSED_VARIABLE = YES;
				IPHONEOS_DEPLOYMENT_TARGET = 11.4;
				MTL_ENABLE_DEBUG_INFO = YES;
				ONLY_ACTIVE_ARCH = YES;
				SDKROOT = iphoneos;
				SWIFT_ACTIVE_COMPILATION_CONDITIONS = DEBUG;
				SWIFT_OPTIMIZATION_LEVEL = "-Onone";
			};
			name = Debug;
		};
		BF604E8620C6905700AC4235 /* Release */ = {
			isa = XCBuildConfiguration;
			buildSettings = {
				ALWAYS_SEARCH_USER_PATHS = NO;
				CLANG_ANALYZER_NONNULL = YES;
				CLANG_ANALYZER_NUMBER_OBJECT_CONVERSION = YES_AGGRESSIVE;
				CLANG_CXX_LANGUAGE_STANDARD = "gnu++14";
				CLANG_CXX_LIBRARY = "libc++";
				CLANG_ENABLE_MODULES = YES;
				CLANG_ENABLE_OBJC_ARC = YES;
				CLANG_ENABLE_OBJC_WEAK = YES;
				CLANG_WARN_BLOCK_CAPTURE_AUTORELEASING = YES;
				CLANG_WARN_BOOL_CONVERSION = YES;
				CLANG_WARN_COMMA = YES;
				CLANG_WARN_CONSTANT_CONVERSION = YES;
				CLANG_WARN_DEPRECATED_OBJC_IMPLEMENTATIONS = YES;
				CLANG_WARN_DIRECT_OBJC_ISA_USAGE = YES_ERROR;
				CLANG_WARN_DOCUMENTATION_COMMENTS = YES;
				CLANG_WARN_EMPTY_BODY = YES;
				CLANG_WARN_ENUM_CONVERSION = YES;
				CLANG_WARN_INFINITE_RECURSION = YES;
				CLANG_WARN_INT_CONVERSION = YES;
				CLANG_WARN_NON_LITERAL_NULL_CONVERSION = YES;
				CLANG_WARN_OBJC_IMPLICIT_RETAIN_SELF = YES;
				CLANG_WARN_OBJC_LITERAL_CONVERSION = YES;
				CLANG_WARN_OBJC_ROOT_CLASS = YES_ERROR;
				CLANG_WARN_RANGE_LOOP_ANALYSIS = YES;
				CLANG_WARN_STRICT_PROTOTYPES = YES;
				CLANG_WARN_SUSPICIOUS_MOVE = YES;
				CLANG_WARN_UNGUARDED_AVAILABILITY = YES_AGGRESSIVE;
				CLANG_WARN_UNREACHABLE_CODE = YES;
				CLANG_WARN__DUPLICATE_METHOD_MATCH = YES;
				CODE_SIGN_IDENTITY = "iPhone Developer";
				COPY_PHASE_STRIP = NO;
				DEBUG_INFORMATION_FORMAT = "dwarf-with-dsym";
				ENABLE_NS_ASSERTIONS = NO;
				ENABLE_STRICT_OBJC_MSGSEND = YES;
				GCC_C_LANGUAGE_STANDARD = gnu11;
				GCC_NO_COMMON_BLOCKS = YES;
				GCC_WARN_64_TO_32_BIT_CONVERSION = YES;
				GCC_WARN_ABOUT_RETURN_TYPE = YES_ERROR;
				GCC_WARN_UNDECLARED_SELECTOR = YES;
				GCC_WARN_UNINITIALIZED_AUTOS = YES_AGGRESSIVE;
				GCC_WARN_UNUSED_FUNCTION = YES;
				GCC_WARN_UNUSED_VARIABLE = YES;
				IPHONEOS_DEPLOYMENT_TARGET = 11.4;
				MTL_ENABLE_DEBUG_INFO = NO;
				SDKROOT = iphoneos;
				SWIFT_COMPILATION_MODE = wholemodule;
				SWIFT_OPTIMIZATION_LEVEL = "-O";
				VALIDATE_PRODUCT = YES;
			};
			name = Release;
		};
		BF604E8820C6905700AC4235 /* Debug */ = {
			isa = XCBuildConfiguration;
			buildSettings = {
				ASSETCATALOG_COMPILER_APPICON_NAME = AppIcon;
				CODE_SIGN_STYLE = Automatic;
				DEVELOPMENT_TEAM = 295W3RX2ZZ;
				INFOPLIST_FILE = DeepestSea/Info.plist;
				LD_RUNPATH_SEARCH_PATHS = (
					"$(inherited)",
					"@executable_path/Frameworks",
				);
				PRODUCT_BUNDLE_IDENTIFIER = com.Jianhang.DeepestSea;
				PRODUCT_NAME = "$(TARGET_NAME)";
				SWIFT_VERSION = 4.0;
				TARGETED_DEVICE_FAMILY = "1,2";
			};
			name = Debug;
		};
		BF604E8920C6905700AC4235 /* Release */ = {
			isa = XCBuildConfiguration;
			buildSettings = {
				ASSETCATALOG_COMPILER_APPICON_NAME = AppIcon;
				CODE_SIGN_STYLE = Automatic;
				DEVELOPMENT_TEAM = 295W3RX2ZZ;
				INFOPLIST_FILE = DeepestSea/Info.plist;
				LD_RUNPATH_SEARCH_PATHS = (
					"$(inherited)",
					"@executable_path/Frameworks",
				);
				PRODUCT_BUNDLE_IDENTIFIER = com.Jianhang.DeepestSea;
				PRODUCT_NAME = "$(TARGET_NAME)";
				SWIFT_VERSION = 4.0;
				TARGETED_DEVICE_FAMILY = "1,2";
			};
			name = Release;
		};
/* End XCBuildConfiguration section */

/* Begin XCConfigurationList section */
		BF604E6A20C6905600AC4235 /* Build configuration list for PBXProject "DeepestSea" */ = {
			isa = XCConfigurationList;
			buildConfigurations = (
				BF604E8520C6905700AC4235 /* Debug */,
				BF604E8620C6905700AC4235 /* Release */,
			);
			defaultConfigurationIsVisible = 0;
			defaultConfigurationName = Release;
		};
		BF604E8720C6905700AC4235 /* Build configuration list for PBXNativeTarget "DeepestSea" */ = {
			isa = XCConfigurationList;
			buildConfigurations = (
				BF604E8820C6905700AC4235 /* Debug */,
				BF604E8920C6905700AC4235 /* Release */,
			);
			defaultConfigurationIsVisible = 0;
			defaultConfigurationName = Release;
		};
/* End XCConfigurationList section */
	};
	rootObject = BF604E6720C6905600AC4235 /* Project object */;
}
